
Microsoft Visual Studio Solution File, Format Version 12.00
# Visual Studio Version 17
VisualStudioVersion = 17.6.33829.357
MinimumVisualStudioVersion = 10.0.40219.1
Project("{FAE04EC0-301F-11D3-BF4B-00C04F79EFBC}") = "Seminarska_knjižnica", "Seminarska_knjižnica\Seminarska_knjižnica.csproj", "{99E69F0A-105B-4CEB-B14E-33E15A4FB00E}"
EndProject
Global
	GlobalSection(SolutionConfigurationPlatforms) = preSolution
		Debug|Any CPU = Debug|Any CPU
		Release|Any CPU = Release|Any CPU
	EndGlobalSection
	GlobalSection(ProjectConfigurationPlatforms) = postSolution
		{99E69F0A-105B-4CEB-B14E-33E15A4FB00E}.Debug|Any CPU.ActiveCfg = Debug|Any CPU
		{99E69F0A-105B-4CEB-B14E-33E15A4FB00E}.Debug|Any CPU.Build.0 = Debug|Any CPU
		{99E69F0A-105B-4CEB-B14E-33E15A4FB00E}.Release|Any CPU.ActiveCfg = Release|Any CPU
		{99E69F0A-105B-4CEB-B14E-33E15A4FB00E}.Release|Any CPU.Build.0 = Release|Any CPU
	EndGlobalSection
	GlobalSection(SolutionProperties) = preSolution
		HideSolutionNode = FALSE
	EndGlobalSection
	GlobalSection(ExtensibilityGlobals) = postSolution
		SolutionGuid = {8AEF7C0F-AD8C-40DB-BE1D-8D57B86D9B8F}
	EndGlobalSection
EndGlobal
